// !$*UTF8*$!
{
	archiveVersion = 1;
	classes = {
	};
	objectVersion = 51;
	objects = {

/* Begin PBXBuildFile section */
		2407195E17EF7A16E0DAFA45 /* Pods_lint.framework in Frameworks */ = {isa = PBXBuildFile; fileRef = 3F93A3EA59C2EC4920D0C2DD /* Pods_lint.framework */; };
		29C60C198338E992C97831D4 /* Pods_lintTests.framework in Frameworks */ = {isa = PBXBuildFile; fileRef = 267F76088B0CC7423BCDA34D /* Pods_lintTests.framework */; };
		C93EC299AE648DE420B56B3A /* Pods_lint_lintUITests.framework in Frameworks */ = {isa = PBXBuildFile; fileRef = 4C4B372CB4FBAE36575D516F /* Pods_lint_lintUITests.framework */; };
		F9890180251056C900BB4013 /* AppDelegate.swift in Sources */ = {isa = PBXBuildFile; fileRef = F989017F251056C900BB4013 /* AppDelegate.swift */; };
		F98FBCAC25104D9C00C12527 /* lintApp.swift in Sources */ = {isa = PBXBuildFile; fileRef = F98FBCAB25104D9C00C12527 /* lintApp.swift */; };
		F98FBCAE25104D9C00C12527 /* ContentView.swift in Sources */ = {isa = PBXBuildFile; fileRef = F98FBCAD25104D9C00C12527 /* ContentView.swift */; };
		F98FBCB025104DA000C12527 /* Assets.xcassets in Resources */ = {isa = PBXBuildFile; fileRef = F98FBCAF25104DA000C12527 /* Assets.xcassets */; };
		F98FBCB325104DA000C12527 /* Preview Assets.xcassets in Resources */ = {isa = PBXBuildFile; fileRef = F98FBCB225104DA000C12527 /* Preview Assets.xcassets */; };
		F98FBCBE25104DA000C12527 /* lintTests.swift in Sources */ = {isa = PBXBuildFile; fileRef = F98FBCBD25104DA000C12527 /* lintTests.swift */; };
		F98FBCC925104DA000C12527 /* lintUITests.swift in Sources */ = {isa = PBXBuildFile; fileRef = F98FBCC825104DA000C12527 /* lintUITests.swift */; };
		F98FBCDA251050FD00C12527 /* GoogleService-Info.plist in Resources */ = {isa = PBXBuildFile; fileRef = F98FBCD9251050FD00C12527 /* GoogleService-Info.plist */; };
/* End PBXBuildFile section */

/* Begin PBXContainerItemProxy section */
		F98FBCBA25104DA000C12527 /* PBXContainerItemProxy */ = {
			isa = PBXContainerItemProxy;
			containerPortal = F98FBCA025104D9C00C12527 /* Project object */;
			proxyType = 1;
			remoteGlobalIDString = F98FBCA725104D9C00C12527;
			remoteInfo = lint;
		};
		F98FBCC525104DA000C12527 /* PBXContainerItemProxy */ = {
			isa = PBXContainerItemProxy;
			containerPortal = F98FBCA025104D9C00C12527 /* Project object */;
			proxyType = 1;
			remoteGlobalIDString = F98FBCA725104D9C00C12527;
			remoteInfo = lint;
		};
/* End PBXContainerItemProxy section */

/* Begin PBXFileReference section */
		111B62AB521957F089B97B21 /* Pods-lintTests.release.xcconfig */ = {isa = PBXFileReference; includeInIndex = 1; lastKnownFileType = text.xcconfig; name = "Pods-lintTests.release.xcconfig"; path = "Target Support Files/Pods-lintTests/Pods-lintTests.release.xcconfig"; sourceTree = "<group>"; };
		267F76088B0CC7423BCDA34D /* Pods_lintTests.framework */ = {isa = PBXFileReference; explicitFileType = wrapper.framework; includeInIndex = 0; path = Pods_lintTests.framework; sourceTree = BUILT_PRODUCTS_DIR; };
		3D1ABA2ED9D960DB4A7CFC86 /* Pods-lint.debug.xcconfig */ = {isa = PBXFileReference; includeInIndex = 1; lastKnownFileType = text.xcconfig; name = "Pods-lint.debug.xcconfig"; path = "Target Support Files/Pods-lint/Pods-lint.debug.xcconfig"; sourceTree = "<group>"; };
		3F93A3EA59C2EC4920D0C2DD /* Pods_lint.framework */ = {isa = PBXFileReference; explicitFileType = wrapper.framework; includeInIndex = 0; path = Pods_lint.framework; sourceTree = BUILT_PRODUCTS_DIR; };
		4C4B372CB4FBAE36575D516F /* Pods_lint_lintUITests.framework */ = {isa = PBXFileReference; explicitFileType = wrapper.framework; includeInIndex = 0; path = Pods_lint_lintUITests.framework; sourceTree = BUILT_PRODUCTS_DIR; };
		6D8D72D6EE0C5E71753C1CFB /* Pods-lint-lintUITests.debug.xcconfig */ = {isa = PBXFileReference; includeInIndex = 1; lastKnownFileType = text.xcconfig; name = "Pods-lint-lintUITests.debug.xcconfig"; path = "Target Support Files/Pods-lint-lintUITests/Pods-lint-lintUITests.debug.xcconfig"; sourceTree = "<group>"; };
		D07893963A39A1E325636DE9 /* Pods-lint.release.xcconfig */ = {isa = PBXFileReference; includeInIndex = 1; lastKnownFileType = text.xcconfig; name = "Pods-lint.release.xcconfig"; path = "Target Support Files/Pods-lint/Pods-lint.release.xcconfig"; sourceTree = "<group>"; };
		D7E1D79798080B1625E5339E /* Pods-lintTests.debug.xcconfig */ = {isa = PBXFileReference; includeInIndex = 1; lastKnownFileType = text.xcconfig; name = "Pods-lintTests.debug.xcconfig"; path = "Target Support Files/Pods-lintTests/Pods-lintTests.debug.xcconfig"; sourceTree = "<group>"; };
		F51F45F665D6DFFD15E94836 /* Pods-lint-lintUITests.release.xcconfig */ = {isa = PBXFileReference; includeInIndex = 1; lastKnownFileType = text.xcconfig; name = "Pods-lint-lintUITests.release.xcconfig"; path = "Target Support Files/Pods-lint-lintUITests/Pods-lint-lintUITests.release.xcconfig"; sourceTree = "<group>"; };
		F989017F251056C900BB4013 /* AppDelegate.swift */ = {isa = PBXFileReference; lastKnownFileType = sourcecode.swift; path = AppDelegate.swift; sourceTree = "<group>"; };
		F98FBCA825104D9C00C12527 /* lint.app */ = {isa = PBXFileReference; explicitFileType = wrapper.application; includeInIndex = 0; path = lint.app; sourceTree = BUILT_PRODUCTS_DIR; };
		F98FBCAB25104D9C00C12527 /* lintApp.swift */ = {isa = PBXFileReference; lastKnownFileType = sourcecode.swift; path = lintApp.swift; sourceTree = "<group>"; };
		F98FBCAD25104D9C00C12527 /* ContentView.swift */ = {isa = PBXFileReference; lastKnownFileType = sourcecode.swift; path = ContentView.swift; sourceTree = "<group>"; };
		F98FBCAF25104DA000C12527 /* Assets.xcassets */ = {isa = PBXFileReference; lastKnownFileType = folder.assetcatalog; path = Assets.xcassets; sourceTree = "<group>"; };
		F98FBCB225104DA000C12527 /* Preview Assets.xcassets */ = {isa = PBXFileReference; lastKnownFileType = folder.assetcatalog; path = "Preview Assets.xcassets"; sourceTree = "<group>"; };
		F98FBCB425104DA000C12527 /* Info.plist */ = {isa = PBXFileReference; lastKnownFileType = text.plist.xml; path = Info.plist; sourceTree = "<group>"; };
		F98FBCB925104DA000C12527 /* lintTests.xctest */ = {isa = PBXFileReference; explicitFileType = wrapper.cfbundle; includeInIndex = 0; path = lintTests.xctest; sourceTree = BUILT_PRODUCTS_DIR; };
		F98FBCBD25104DA000C12527 /* lintTests.swift */ = {isa = PBXFileReference; lastKnownFileType = sourcecode.swift; path = lintTests.swift; sourceTree = "<group>"; };
		F98FBCBF25104DA000C12527 /* Info.plist */ = {isa = PBXFileReference; lastKnownFileType = text.plist.xml; path = Info.plist; sourceTree = "<group>"; };
		F98FBCC425104DA000C12527 /* lintUITests.xctest */ = {isa = PBXFileReference; explicitFileType = wrapper.cfbundle; includeInIndex = 0; path = lintUITests.xctest; sourceTree = BUILT_PRODUCTS_DIR; };
		F98FBCC825104DA000C12527 /* lintUITests.swift */ = {isa = PBXFileReference; lastKnownFileType = sourcecode.swift; path = lintUITests.swift; sourceTree = "<group>"; };
		F98FBCCA25104DA000C12527 /* Info.plist */ = {isa = PBXFileReference; lastKnownFileType = text.plist.xml; path = Info.plist; sourceTree = "<group>"; };
		F98FBCD9251050FD00C12527 /* GoogleService-Info.plist */ = {isa = PBXFileReference; fileEncoding = 4; lastKnownFileType = text.plist.xml; path = "GoogleService-Info.plist"; sourceTree = "<group>"; };
/* End PBXFileReference section */

/* Begin PBXFrameworksBuildPhase section */
		F98FBCA525104D9C00C12527 /* Frameworks */ = {
			isa = PBXFrameworksBuildPhase;
			buildActionMask = 2147483647;
			files = (
				2407195E17EF7A16E0DAFA45 /* Pods_lint.framework in Frameworks */,
			);
			runOnlyForDeploymentPostprocessing = 0;
		};
		F98FBCB625104DA000C12527 /* Frameworks */ = {
			isa = PBXFrameworksBuildPhase;
			buildActionMask = 2147483647;
			files = (
				29C60C198338E992C97831D4 /* Pods_lintTests.framework in Frameworks */,
			);
			runOnlyForDeploymentPostprocessing = 0;
		};
		F98FBCC125104DA000C12527 /* Frameworks */ = {
			isa = PBXFrameworksBuildPhase;
			buildActionMask = 2147483647;
			files = (
				C93EC299AE648DE420B56B3A /* Pods_lint_lintUITests.framework in Frameworks */,
			);
			runOnlyForDeploymentPostprocessing = 0;
		};
/* End PBXFrameworksBuildPhase section */

/* Begin PBXGroup section */
		184D958DF179DD22C52A85FE /* Frameworks */ = {
			isa = PBXGroup;
			children = (
				3F93A3EA59C2EC4920D0C2DD /* Pods_lint.framework */,
				4C4B372CB4FBAE36575D516F /* Pods_lint_lintUITests.framework */,
				267F76088B0CC7423BCDA34D /* Pods_lintTests.framework */,
			);
			name = Frameworks;
			sourceTree = "<group>";
		};
		F98FBC9F25104D9C00C12527 = {
			isa = PBXGroup;
			children = (
				F98FBCAA25104D9C00C12527 /* lint */,
				F98FBCBC25104DA000C12527 /* lintTests */,
				F98FBCC725104DA000C12527 /* lintUITests */,
				F98FBCA925104D9C00C12527 /* Products */,
				FFF108B9D9D4DBBFD0500D0D /* Pods */,
				184D958DF179DD22C52A85FE /* Frameworks */,
			);
			sourceTree = "<group>";
		};
		F98FBCA925104D9C00C12527 /* Products */ = {
			isa = PBXGroup;
			children = (
				F98FBCA825104D9C00C12527 /* lint.app */,
				F98FBCB925104DA000C12527 /* lintTests.xctest */,
				F98FBCC425104DA000C12527 /* lintUITests.xctest */,
			);
			name = Products;
			sourceTree = "<group>";
		};
		F98FBCAA25104D9C00C12527 /* lint */ = {
			isa = PBXGroup;
			children = (
				F98FBCD625104FFB00C12527 /* Model */,
				F98FBCD72510500200C12527 /* View */,
				F98FBCD82510500C00C12527 /* ViewModel */,
				F98FBCAB25104D9C00C12527 /* lintApp.swift */,
				F989017F251056C900BB4013 /* AppDelegate.swift */,
				F98FBCAD25104D9C00C12527 /* ContentView.swift */,
				F98FBCAF25104DA000C12527 /* Assets.xcassets */,
				F98FBCB425104DA000C12527 /* Info.plist */,
				F98FBCD9251050FD00C12527 /* GoogleService-Info.plist */,
				F98FBCB125104DA000C12527 /* Preview Content */,
			);
			path = lint;
			sourceTree = "<group>";
		};
		F98FBCB125104DA000C12527 /* Preview Content */ = {
			isa = PBXGroup;
			children = (
				F98FBCB225104DA000C12527 /* Preview Assets.xcassets */,
			);
			path = "Preview Content";
			sourceTree = "<group>";
		};
		F98FBCBC25104DA000C12527 /* lintTests */ = {
			isa = PBXGroup;
			children = (
				F98FBCBD25104DA000C12527 /* lintTests.swift */,
				F98FBCBF25104DA000C12527 /* Info.plist */,
			);
			path = lintTests;
			sourceTree = "<group>";
		};
		F98FBCC725104DA000C12527 /* lintUITests */ = {
			isa = PBXGroup;
			children = (
				F98FBCC825104DA000C12527 /* lintUITests.swift */,
				F98FBCCA25104DA000C12527 /* Info.plist */,
			);
			path = lintUITests;
			sourceTree = "<group>";
		};
		F98FBCD625104FFB00C12527 /* Model */ = {
			isa = PBXGroup;
			children = (
			);
			path = Model;
			sourceTree = "<group>";
		};
		F98FBCD72510500200C12527 /* View */ = {
			isa = PBXGroup;
			children = (
			);
			path = View;
			sourceTree = "<group>";
		};
		F98FBCD82510500C00C12527 /* ViewModel */ = {
			isa = PBXGroup;
			children = (
			);
			path = ViewModel;
			sourceTree = "<group>";
		};
		FFF108B9D9D4DBBFD0500D0D /* Pods */ = {
			isa = PBXGroup;
			children = (
				3D1ABA2ED9D960DB4A7CFC86 /* Pods-lint.debug.xcconfig */,
				D07893963A39A1E325636DE9 /* Pods-lint.release.xcconfig */,
				6D8D72D6EE0C5E71753C1CFB /* Pods-lint-lintUITests.debug.xcconfig */,
				F51F45F665D6DFFD15E94836 /* Pods-lint-lintUITests.release.xcconfig */,
				D7E1D79798080B1625E5339E /* Pods-lintTests.debug.xcconfig */,
				111B62AB521957F089B97B21 /* Pods-lintTests.release.xcconfig */,
			);
			path = Pods;
			sourceTree = "<group>";
		};
/* End PBXGroup section */

/* Begin PBXNativeTarget section */
		F98FBCA725104D9C00C12527 /* lint */ = {
			isa = PBXNativeTarget;
			buildConfigurationList = F98FBCCD25104DA000C12527 /* Build configuration list for PBXNativeTarget "lint" */;
			buildPhases = (
				AAECDE36E5AA69CA42581E41 /* [CP] Check Pods Manifest.lock */,
				F98FBCA425104D9C00C12527 /* Sources */,
				F98FBCA525104D9C00C12527 /* Frameworks */,
				F98FBCA625104D9C00C12527 /* Resources */,
				403BF1C45E9C50EC181ECF71 /* [CP] Embed Pods Frameworks */,
			);
			buildRules = (
			);
			dependencies = (
			);
			name = lint;
			productName = lint;
			productReference = F98FBCA825104D9C00C12527 /* lint.app */;
			productType = "com.apple.product-type.application";
		};
		F98FBCB825104DA000C12527 /* lintTests */ = {
			isa = PBXNativeTarget;
			buildConfigurationList = F98FBCD025104DA000C12527 /* Build configuration list for PBXNativeTarget "lintTests" */;
			buildPhases = (
				A6434AA371BA4AFC5D0C8761 /* [CP] Check Pods Manifest.lock */,
				F98FBCB525104DA000C12527 /* Sources */,
				F98FBCB625104DA000C12527 /* Frameworks */,
				F98FBCB725104DA000C12527 /* Resources */,
			);
			buildRules = (
			);
			dependencies = (
				F98FBCBB25104DA000C12527 /* PBXTargetDependency */,
			);
			name = lintTests;
			productName = lintTests;
			productReference = F98FBCB925104DA000C12527 /* lintTests.xctest */;
			productType = "com.apple.product-type.bundle.unit-test";
		};
		F98FBCC325104DA000C12527 /* lintUITests */ = {
			isa = PBXNativeTarget;
			buildConfigurationList = F98FBCD325104DA000C12527 /* Build configuration list for PBXNativeTarget "lintUITests" */;
			buildPhases = (
				EEC495F775EA42F7CA188330 /* [CP] Check Pods Manifest.lock */,
				F98FBCC025104DA000C12527 /* Sources */,
				F98FBCC125104DA000C12527 /* Frameworks */,
				F98FBCC225104DA000C12527 /* Resources */,
				5F80BA45138F19724F102E44 /* [CP] Embed Pods Frameworks */,
			);
			buildRules = (
			);
			dependencies = (
				F98FBCC625104DA000C12527 /* PBXTargetDependency */,
			);
			name = lintUITests;
			productName = lintUITests;
			productReference = F98FBCC425104DA000C12527 /* lintUITests.xctest */;
			productType = "com.apple.product-type.bundle.ui-testing";
		};
/* End PBXNativeTarget section */

/* Begin PBXProject section */
		F98FBCA025104D9C00C12527 /* Project object */ = {
			isa = PBXProject;
			attributes = {
				LastSwiftUpdateCheck = 1200;
				LastUpgradeCheck = 1200;
				TargetAttributes = {
					F98FBCA725104D9C00C12527 = {
						CreatedOnToolsVersion = 12.0;
					};
					F98FBCB825104DA000C12527 = {
						CreatedOnToolsVersion = 12.0;
						TestTargetID = F98FBCA725104D9C00C12527;
					};
					F98FBCC325104DA000C12527 = {
						CreatedOnToolsVersion = 12.0;
						TestTargetID = F98FBCA725104D9C00C12527;
					};
				};
			};
			buildConfigurationList = F98FBCA325104D9C00C12527 /* Build configuration list for PBXProject "lint" */;
			compatibilityVersion = "Xcode 9.3";
			developmentRegion = en;
			hasScannedForEncodings = 0;
			knownRegions = (
				en,
				Base,
			);
			mainGroup = F98FBC9F25104D9C00C12527;
			productRefGroup = F98FBCA925104D9C00C12527 /* Products */;
			projectDirPath = "";
			projectRoot = "";
			targets = (
				F98FBCA725104D9C00C12527 /* lint */,
				F98FBCB825104DA000C12527 /* lintTests */,
				F98FBCC325104DA000C12527 /* lintUITests */,
			);
		};
/* End PBXProject section */

/* Begin PBXResourcesBuildPhase section */
		F98FBCA625104D9C00C12527 /* Resources */ = {
			isa = PBXResourcesBuildPhase;
			buildActionMask = 2147483647;
			files = (
				F98FBCB325104DA000C12527 /* Preview Assets.xcassets in Resources */,
				F98FBCB025104DA000C12527 /* Assets.xcassets in Resources */,
				F98FBCDA251050FD00C12527 /* GoogleService-Info.plist in Resources */,
			);
			runOnlyForDeploymentPostprocessing = 0;
		};
		F98FBCB725104DA000C12527 /* Resources */ = {
			isa = PBXResourcesBuildPhase;
			buildActionMask = 2147483647;
			files = (
			);
			runOnlyForDeploymentPostprocessing = 0;
		};
		F98FBCC225104DA000C12527 /* Resources */ = {
			isa = PBXResourcesBuildPhase;
			buildActionMask = 2147483647;
			files = (
			);
			runOnlyForDeploymentPostprocessing = 0;
		};
/* End PBXResourcesBuildPhase section */

/* Begin PBXShellScriptBuildPhase section */
		403BF1C45E9C50EC181ECF71 /* [CP] Embed Pods Frameworks */ = {
			isa = PBXShellScriptBuildPhase;
			buildActionMask = 2147483647;
			files = (
			);
			inputFileListPaths = (
				"${PODS_ROOT}/Target Support Files/Pods-lint/Pods-lint-frameworks-${CONFIGURATION}-input-files.xcfilelist",
			);
			name = "[CP] Embed Pods Frameworks";
			outputFileListPaths = (
				"${PODS_ROOT}/Target Support Files/Pods-lint/Pods-lint-frameworks-${CONFIGURATION}-output-files.xcfilelist",
			);
			runOnlyForDeploymentPostprocessing = 0;
			shellPath = /bin/sh;
			shellScript = "\"${PODS_ROOT}/Target Support Files/Pods-lint/Pods-lint-frameworks.sh\"\n";
			showEnvVarsInLog = 0;
		};
		5F80BA45138F19724F102E44 /* [CP] Embed Pods Frameworks */ = {
			isa = PBXShellScriptBuildPhase;
			buildActionMask = 2147483647;
			files = (
			);
			inputFileListPaths = (
				"${PODS_ROOT}/Target Support Files/Pods-lint-lintUITests/Pods-lint-lintUITests-frameworks-${CONFIGURATION}-input-files.xcfilelist",
			);
			name = "[CP] Embed Pods Frameworks";
			outputFileListPaths = (
				"${PODS_ROOT}/Target Support Files/Pods-lint-lintUITests/Pods-lint-lintUITests-frameworks-${CONFIGURATION}-output-files.xcfilelist",
			);
			runOnlyForDeploymentPostprocessing = 0;
			shellPath = /bin/sh;
			shellScript = "\"${PODS_ROOT}/Target Support Files/Pods-lint-lintUITests/Pods-lint-lintUITests-frameworks.sh\"\n";
			showEnvVarsInLog = 0;
		};
		A6434AA371BA4AFC5D0C8761 /* [CP] Check Pods Manifest.lock */ = {
			isa = PBXShellScriptBuildPhase;
			buildActionMask = 2147483647;
			files = (
			);
			inputFileListPaths = (
			);
			inputPaths = (
				"${PODS_PODFILE_DIR_PATH}/Podfile.lock",
				"${PODS_ROOT}/Manifest.lock",
			);
			name = "[CP] Check Pods Manifest.lock";
			outputFileListPaths = (
			);
			outputPaths = (
				"$(DERIVED_FILE_DIR)/Pods-lintTests-checkManifestLockResult.txt",
			);
			runOnlyForDeploymentPostprocessing = 0;
			shellPath = /bin/sh;
			shellScript = "diff \"${PODS_PODFILE_DIR_PATH}/Podfile.lock\" \"${PODS_ROOT}/Manifest.lock\" > /dev/null\nif [ $? != 0 ] ; then\n    # print error to STDERR\n    echo \"error: The sandbox is not in sync with the Podfile.lock. Run 'pod install' or update your CocoaPods installation.\" >&2\n    exit 1\nfi\n# This output is used by Xcode 'outputs' to avoid re-running this script phase.\necho \"SUCCESS\" > \"${SCRIPT_OUTPUT_FILE_0}\"\n";
			showEnvVarsInLog = 0;
		};
		AAECDE36E5AA69CA42581E41 /* [CP] Check Pods Manifest.lock */ = {
			isa = PBXShellScriptBuildPhase;
			buildActionMask = 2147483647;
			files = (
			);
			inputFileListPaths = (
			);
			inputPaths = (
				"${PODS_PODFILE_DIR_PATH}/Podfile.lock",
				"${PODS_ROOT}/Manifest.lock",
			);
			name = "[CP] Check Pods Manifest.lock";
			outputFileListPaths = (
			);
			outputPaths = (
				"$(DERIVED_FILE_DIR)/Pods-lint-checkManifestLockResult.txt",
			);
			runOnlyForDeploymentPostprocessing = 0;
			shellPath = /bin/sh;
			shellScript = "diff \"${PODS_PODFILE_DIR_PATH}/Podfile.lock\" \"${PODS_ROOT}/Manifest.lock\" > /dev/null\nif [ $? != 0 ] ; then\n    # print error to STDERR\n    echo \"error: The sandbox is not in sync with the Podfile.lock. Run 'pod install' or update your CocoaPods installation.\" >&2\n    exit 1\nfi\n# This output is used by Xcode 'outputs' to avoid re-running this script phase.\necho \"SUCCESS\" > \"${SCRIPT_OUTPUT_FILE_0}\"\n";
			showEnvVarsInLog = 0;
		};
		EEC495F775EA42F7CA188330 /* [CP] Check Pods Manifest.lock */ = {
			isa = PBXShellScriptBuildPhase;
			buildActionMask = 2147483647;
			files = (
			);
			inputFileListPaths = (
			);
			inputPaths = (
				"${PODS_PODFILE_DIR_PATH}/Podfile.lock",
				"${PODS_ROOT}/Manifest.lock",
			);
			name = "[CP] Check Pods Manifest.lock";
			outputFileListPaths = (
			);
			outputPaths = (
				"$(DERIVED_FILE_DIR)/Pods-lint-lintUITests-checkManifestLockResult.txt",
			);
			runOnlyForDeploymentPostprocessing = 0;
			shellPath = /bin/sh;
			shellScript = "diff \"${PODS_PODFILE_DIR_PATH}/Podfile.lock\" \"${PODS_ROOT}/Manifest.lock\" > /dev/null\nif [ $? != 0 ] ; then\n    # print error to STDERR\n    echo \"error: The sandbox is not in sync with the Podfile.lock. Run 'pod install' or update your CocoaPods installation.\" >&2\n    exit 1\nfi\n# This output is used by Xcode 'outputs' to avoid re-running this script phase.\necho \"SUCCESS\" > \"${SCRIPT_OUTPUT_FILE_0}\"\n";
			showEnvVarsInLog = 0;
		};
/* End PBXShellScriptBuildPhase section */

/* Begin PBXSourcesBuildPhase section */
		F98FBCA425104D9C00C12527 /* Sources */ = {
			isa = PBXSourcesBuildPhase;
			buildActionMask = 2147483647;
			files = (
				F9890180251056C900BB4013 /* AppDelegate.swift in Sources */,
				F98FBCAE25104D9C00C12527 /* ContentView.swift in Sources */,
				F98FBCAC25104D9C00C12527 /* lintApp.swift in Sources */,
			);
			runOnlyForDeploymentPostprocessing = 0;
		};
		F98FBCB525104DA000C12527 /* Sources */ = {
			isa = PBXSourcesBuildPhase;
			buildActionMask = 2147483647;
			files = (
				F98FBCBE25104DA000C12527 /* lintTests.swift in Sources */,
			);
			runOnlyForDeploymentPostprocessing = 0;
		};
		F98FBCC025104DA000C12527 /* Sources */ = {
			isa = PBXSourcesBuildPhase;
			buildActionMask = 2147483647;
			files = (
				F98FBCC925104DA000C12527 /* lintUITests.swift in Sources */,
			);
			runOnlyForDeploymentPostprocessing = 0;
		};
/* End PBXSourcesBuildPhase section */

/* Begin PBXTargetDependency section */
		F98FBCBB25104DA000C12527 /* PBXTargetDependency */ = {
			isa = PBXTargetDependency;
			target = F98FBCA725104D9C00C12527 /* lint */;
			targetProxy = F98FBCBA25104DA000C12527 /* PBXContainerItemProxy */;
		};
		F98FBCC625104DA000C12527 /* PBXTargetDependency */ = {
			isa = PBXTargetDependency;
			target = F98FBCA725104D9C00C12527 /* lint */;
			targetProxy = F98FBCC525104DA000C12527 /* PBXContainerItemProxy */;
		};
/* End PBXTargetDependency section */

/* Begin XCBuildConfiguration section */
		F98FBCCB25104DA000C12527 /* Debug */ = {
			isa = XCBuildConfiguration;
			buildSettings = {
				ALWAYS_SEARCH_USER_PATHS = NO;
				CLANG_ANALYZER_NONNULL = YES;
				CLANG_ANALYZER_NUMBER_OBJECT_CONVERSION = YES_AGGRESSIVE;
				CLANG_CXX_LANGUAGE_STANDARD = "gnu++14";
				CLANG_CXX_LIBRARY = "libc++";
				CLANG_ENABLE_MODULES = YES;
				CLANG_ENABLE_OBJC_ARC = YES;
				CLANG_ENABLE_OBJC_WEAK = YES;
				CLANG_WARN_BLOCK_CAPTURE_AUTORELEASING = YES;
				CLANG_WARN_BOOL_CONVERSION = YES;
				CLANG_WARN_COMMA = YES;
				CLANG_WARN_CONSTANT_CONVERSION = YES;
				CLANG_WARN_DEPRECATED_OBJC_IMPLEMENTATIONS = YES;
				CLANG_WARN_DIRECT_OBJC_ISA_USAGE = YES_ERROR;
				CLANG_WARN_DOCUMENTATION_COMMENTS = YES;
				CLANG_WARN_EMPTY_BODY = YES;
				CLANG_WARN_ENUM_CONVERSION = YES;
				CLANG_WARN_INFINITE_RECURSION = YES;
				CLANG_WARN_INT_CONVERSION = YES;
				CLANG_WARN_NON_LITERAL_NULL_CONVERSION = YES;
				CLANG_WARN_OBJC_IMPLICIT_RETAIN_SELF = YES;
				CLANG_WARN_OBJC_LITERAL_CONVERSION = YES;
				CLANG_WARN_OBJC_ROOT_CLASS = YES_ERROR;
				CLANG_WARN_QUOTED_INCLUDE_IN_FRAMEWORK_HEADER = YES;
				CLANG_WARN_RANGE_LOOP_ANALYSIS = YES;
				CLANG_WARN_STRICT_PROTOTYPES = YES;
				CLANG_WARN_SUSPICIOUS_MOVE = YES;
				CLANG_WARN_UNGUARDED_AVAILABILITY = YES_AGGRESSIVE;
				CLANG_WARN_UNREACHABLE_CODE = YES;
				CLANG_WARN__DUPLICATE_METHOD_MATCH = YES;
				COPY_PHASE_STRIP = NO;
				DEBUG_INFORMATION_FORMAT = dwarf;
				ENABLE_STRICT_OBJC_MSGSEND = YES;
				ENABLE_TESTABILITY = YES;
				GCC_C_LANGUAGE_STANDARD = gnu11;
				GCC_DYNAMIC_NO_PIC = NO;
				GCC_NO_COMMON_BLOCKS = YES;
				GCC_OPTIMIZATION_LEVEL = 0;
				GCC_PREPROCESSOR_DEFINITIONS = (
					"DEBUG=1",
					"$(inherited)",
				);
				GCC_WARN_64_TO_32_BIT_CONVERSION = YES;
				GCC_WARN_ABOUT_RETURN_TYPE = YES_ERROR;
				GCC_WARN_UNDECLARED_SELECTOR = YES;
				GCC_WARN_UNINITIALIZED_AUTOS = YES_AGGRESSIVE;
				GCC_WARN_UNUSED_FUNCTION = YES;
				GCC_WARN_UNUSED_VARIABLE = YES;
				IPHONEOS_DEPLOYMENT_TARGET = 14.0;
				MTL_ENABLE_DEBUG_INFO = INCLUDE_SOURCE;
				MTL_FAST_MATH = YES;
				ONLY_ACTIVE_ARCH = YES;
				SDKROOT = iphoneos;
				SWIFT_ACTIVE_COMPILATION_CONDITIONS = DEBUG;
				SWIFT_OPTIMIZATION_LEVEL = "-Onone";
			};
			name = Debug;
		};
		F98FBCCC25104DA000C12527 /* Release */ = {
			isa = XCBuildConfiguration;
			buildSettings = {
				ALWAYS_SEARCH_USER_PATHS = NO;
				CLANG_ANALYZER_NONNULL = YES;
				CLANG_ANALYZER_NUMBER_OBJECT_CONVERSION = YES_AGGRESSIVE;
				CLANG_CXX_LANGUAGE_STANDARD = "gnu++14";
				CLANG_CXX_LIBRARY = "libc++";
				CLANG_ENABLE_MODULES = YES;
				CLANG_ENABLE_OBJC_ARC = YES;
				CLANG_ENABLE_OBJC_WEAK = YES;
				CLANG_WARN_BLOCK_CAPTURE_AUTORELEASING = YES;
				CLANG_WARN_BOOL_CONVERSION = YES;
				CLANG_WARN_COMMA = YES;
				CLANG_WARN_CONSTANT_CONVERSION = YES;
				CLANG_WARN_DEPRECATED_OBJC_IMPLEMENTATIONS = YES;
				CLANG_WARN_DIRECT_OBJC_ISA_USAGE = YES_ERROR;
				CLANG_WARN_DOCUMENTATION_COMMENTS = YES;
				CLANG_WARN_EMPTY_BODY = YES;
				CLANG_WARN_ENUM_CONVERSION = YES;
				CLANG_WARN_INFINITE_RECURSION = YES;
				CLANG_WARN_INT_CONVERSION = YES;
				CLANG_WARN_NON_LITERAL_NULL_CONVERSION = YES;
				CLANG_WARN_OBJC_IMPLICIT_RETAIN_SELF = YES;
				CLANG_WARN_OBJC_LITERAL_CONVERSION = YES;
				CLANG_WARN_OBJC_ROOT_CLASS = YES_ERROR;
				CLANG_WARN_QUOTED_INCLUDE_IN_FRAMEWORK_HEADER = YES;
				CLANG_WARN_RANGE_LOOP_ANALYSIS = YES;
				CLANG_WARN_STRICT_PROTOTYPES = YES;
				CLANG_WARN_SUSPICIOUS_MOVE = YES;
				CLANG_WARN_UNGUARDED_AVAILABILITY = YES_AGGRESSIVE;
				CLANG_WARN_UNREACHABLE_CODE = YES;
				CLANG_WARN__DUPLICATE_METHOD_MATCH = YES;
				COPY_PHASE_STRIP = NO;
				DEBUG_INFORMATION_FORMAT = "dwarf-with-dsym";
				ENABLE_NS_ASSERTIONS = NO;
				ENABLE_STRICT_OBJC_MSGSEND = YES;
				GCC_C_LANGUAGE_STANDARD = gnu11;
				GCC_NO_COMMON_BLOCKS = YES;
				GCC_WARN_64_TO_32_BIT_CONVERSION = YES;
				GCC_WARN_ABOUT_RETURN_TYPE = YES_ERROR;
				GCC_WARN_UNDECLARED_SELECTOR = YES;
				GCC_WARN_UNINITIALIZED_AUTOS = YES_AGGRESSIVE;
				GCC_WARN_UNUSED_FUNCTION = YES;
				GCC_WARN_UNUSED_VARIABLE = YES;
				IPHONEOS_DEPLOYMENT_TARGET = 14.0;
				MTL_ENABLE_DEBUG_INFO = NO;
				MTL_FAST_MATH = YES;
				SDKROOT = iphoneos;
				SWIFT_COMPILATION_MODE = wholemodule;
				SWIFT_OPTIMIZATION_LEVEL = "-O";
				VALIDATE_PRODUCT = YES;
			};
			name = Release;
		};
		F98FBCCE25104DA000C12527 /* Debug */ = {
			isa = XCBuildConfiguration;
			baseConfigurationReference = 3D1ABA2ED9D960DB4A7CFC86 /* Pods-lint.debug.xcconfig */;
			buildSettings = {
				ASSETCATALOG_COMPILER_APPICON_NAME = AppIcon;
				ASSETCATALOG_COMPILER_GLOBAL_ACCENT_COLOR_NAME = AccentColor;
				CODE_SIGN_STYLE = Automatic;
				DEVELOPMENT_ASSET_PATHS = "\"lint/Preview Content\"";
				DEVELOPMENT_TEAM = C99MXG5L9J;
				ENABLE_PREVIEWS = YES;
				INFOPLIST_FILE = lint/Info.plist;
				IPHONEOS_DEPLOYMENT_TARGET = 14.0;
				LD_RUNPATH_SEARCH_PATHS = (
					"$(inherited)",
					"@executable_path/Frameworks",
				);
				PRODUCT_BUNDLE_IDENTIFIER = com.cukszyy.lint;
				PRODUCT_NAME = "$(TARGET_NAME)";
				SWIFT_VERSION = 5.0;
				TARGETED_DEVICE_FAMILY = "1,2";
			};
			name = Debug;
		};
		F98FBCCF25104DA000C12527 /* Release */ = {
			isa = XCBuildConfiguration;
			baseConfigurationReference = D07893963A39A1E325636DE9 /* Pods-lint.release.xcconfig */;
			buildSettings = {
				ASSETCATALOG_COMPILER_APPICON_NAME = AppIcon;
				ASSETCATALOG_COMPILER_GLOBAL_ACCENT_COLOR_NAME = AccentColor;
				CODE_SIGN_STYLE = Automatic;
				DEVELOPMENT_ASSET_PATHS = "\"lint/Preview Content\"";
				DEVELOPMENT_TEAM = C99MXG5L9J;
				ENABLE_PREVIEWS = YES;
				INFOPLIST_FILE = lint/Info.plist;
				IPHONEOS_DEPLOYMENT_TARGET = 14.0;
				LD_RUNPATH_SEARCH_PATHS = (
					"$(inherited)",
					"@executable_path/Frameworks",
				);
				PRODUCT_BUNDLE_IDENTIFIER = com.cukszyy.lint;
				PRODUCT_NAME = "$(TARGET_NAME)";
				SWIFT_VERSION = 5.0;
				TARGETED_DEVICE_FAMILY = "1,2";
			};
			name = Release;
		};
		F98FBCD125104DA000C12527 /* Debug */ = {
			isa = XCBuildConfiguration;
			baseConfigurationReference = D7E1D79798080B1625E5339E /* Pods-lintTests.debug.xcconfig */;
			buildSettings = {
				ALWAYS_EMBED_SWIFT_STANDARD_LIBRARIES = YES;
				BUNDLE_LOADER = "$(TEST_HOST)";
				CODE_SIGN_STYLE = Automatic;
				DEVELOPMENT_TEAM = C99MXG5L9J;
				INFOPLIST_FILE = lintTests/Info.plist;
				IPHONEOS_DEPLOYMENT_TARGET = 14.0;
				LD_RUNPATH_SEARCH_PATHS = (
					"$(inherited)",
					"@executable_path/Frameworks",
					"@loader_path/Frameworks",
				);
				PRODUCT_BUNDLE_IDENTIFIER = com.cukszyy.lintTests;
				PRODUCT_NAME = "$(TARGET_NAME)";
				SWIFT_VERSION = 5.0;
				TARGETED_DEVICE_FAMILY = "1,2";
				TEST_HOST = "$(BUILT_PRODUCTS_DIR)/lint.app/lint";
			};
			name = Debug;
		};
		F98FBCD225104DA000C12527 /* Release */ = {
			isa = XCBuildConfiguration;
			baseConfigurationReference = 111B62AB521957F089B97B21 /* Pods-lintTests.release.xcconfig */;
			buildSettings = {
				ALWAYS_EMBED_SWIFT_STANDARD_LIBRARIES = YES;
				BUNDLE_LOADER = "$(TEST_HOST)";
				CODE_SIGN_STYLE = Automatic;
				DEVELOPMENT_TEAM = C99MXG5L9J;
				INFOPLIST_FILE = lintTests/Info.plist;
				IPHONEOS_DEPLOYMENT_TARGET = 14.0;
				LD_RUNPATH_SEARCH_PATHS = (
					"$(inherited)",
					"@executable_path/Frameworks",
					"@loader_path/Frameworks",
				);
				PRODUCT_BUNDLE_IDENTIFIER = com.cukszyy.lintTests;
				PRODUCT_NAME = "$(TARGET_NAME)";
				SWIFT_VERSION = 5.0;
				TARGETED_DEVICE_FAMILY = "1,2";
				TEST_HOST = "$(BUILT_PRODUCTS_DIR)/lint.app/lint";
			};
			name = Release;
		};
		F98FBCD425104DA000C12527 /* Debug */ = {
			isa = XCBuildConfiguration;
			baseConfigurationReference = 6D8D72D6EE0C5E71753C1CFB /* Pods-lint-lintUITests.debug.xcconfig */;
			buildSettings = {
				ALWAYS_EMBED_SWIFT_STANDARD_LIBRARIES = YES;
				CODE_SIGN_STYLE = Automatic;
				DEVELOPMENT_TEAM = C99MXG5L9J;
				INFOPLIST_FILE = lintUITests/Info.plist;
				LD_RUNPATH_SEARCH_PATHS = (
					"$(inherited)",
					"@executable_path/Frameworks",
					"@loader_path/Frameworks",
				);
				PRODUCT_BUNDLE_IDENTIFIER = com.cukszyy.lintUITests;
				PRODUCT_NAME = "$(TARGET_NAME)";
				SWIFT_VERSION = 5.0;
				TARGETED_DEVICE_FAMILY = "1,2";
				TEST_TARGET_NAME = lint;
			};
			name = Debug;
		};
		F98FBCD525104DA000C12527 /* Release */ = {
			isa = XCBuildConfiguration;
			baseConfigurationReference = F51F45F665D6DFFD15E94836 /* Pods-lint-lintUITests.release.xcconfig */;
			buildSettings = {
				ALWAYS_EMBED_SWIFT_STANDARD_LIBRARIES = YES;
				CODE_SIGN_STYLE = Automatic;
				DEVELOPMENT_TEAM = C99MXG5L9J;
				INFOPLIST_FILE = lintUITests/Info.plist;
				LD_RUNPATH_SEARCH_PATHS = (
					"$(inherited)",
					"@executable_path/Frameworks",
					"@loader_path/Frameworks",
				);
				PRODUCT_BUNDLE_IDENTIFIER = com.cukszyy.lintUITests;
				PRODUCT_NAME = "$(TARGET_NAME)";
				SWIFT_VERSION = 5.0;
				TARGETED_DEVICE_FAMILY = "1,2";
				TEST_TARGET_NAME = lint;
			};
			name = Release;
		};
/* End XCBuildConfiguration section */

/* Begin XCConfigurationList section */
		F98FBCA325104D9C00C12527 /* Build configuration list for PBXProject "lint" */ = {
			isa = XCConfigurationList;
			buildConfigurations = (
				F98FBCCB25104DA000C12527 /* Debug */,
				F98FBCCC25104DA000C12527 /* Release */,
			);
			defaultConfigurationIsVisible = 0;
			defaultConfigurationName = Release;
		};
		F98FBCCD25104DA000C12527 /* Build configuration list for PBXNativeTarget "lint" */ = {
			isa = XCConfigurationList;
			buildConfigurations = (
				F98FBCCE25104DA000C12527 /* Debug */,
				F98FBCCF25104DA000C12527 /* Release */,
			);
			defaultConfigurationIsVisible = 0;
			defaultConfigurationName = Release;
		};
		F98FBCD025104DA000C12527 /* Build configuration list for PBXNativeTarget "lintTests" */ = {
			isa = XCConfigurationList;
			buildConfigurations = (
				F98FBCD125104DA000C12527 /* Debug */,
				F98FBCD225104DA000C12527 /* Release */,
			);
			defaultConfigurationIsVisible = 0;
			defaultConfigurationName = Release;
		};
		F98FBCD325104DA000C12527 /* Build configuration list for PBXNativeTarget "lintUITests" */ = {
			isa = XCConfigurationList;
			buildConfigurations = (
				F98FBCD425104DA000C12527 /* Debug */,
				F98FBCD525104DA000C12527 /* Release */,
			);
			defaultConfigurationIsVisible = 0;
			defaultConfigurationName = Release;
		};
/* End XCConfigurationList section */
	};
	rootObject = F98FBCA025104D9C00C12527 /* Project object */;
}
